
Microsoft Visual Studio Solution File, Format Version 12.00
# Visual Studio Version 16
VisualStudioVersion = 16.0.31911.196
MinimumVisualStudioVersion = 10.0.40219.1
Project("{FAE04EC0-301F-11D3-BF4B-00C04F79EFBC}") = "pharmsquare-prototype", "pharmsquare-prototype\pharmsquare-prototype.csproj", "{4669EE66-42F5-44C5-AB7B-B555685FABAB}"
EndProject
Global
	GlobalSection(SolutionConfigurationPlatforms) = preSolution
		Debug|Any CPU = Debug|Any CPU
		Release|Any CPU = Release|Any CPU
	EndGlobalSection
	GlobalSection(ProjectConfigurationPlatforms) = postSolution
		{4669EE66-42F5-44C5-AB7B-B555685FABAB}.Debug|Any CPU.ActiveCfg = Debug|Any CPU
		{4669EE66-42F5-44C5-AB7B-B555685FABAB}.Debug|Any CPU.Build.0 = Debug|Any CPU
		{4669EE66-42F5-44C5-AB7B-B555685FABAB}.Release|Any CPU.ActiveCfg = Release|Any CPU
		{4669EE66-42F5-44C5-AB7B-B555685FABAB}.Release|Any CPU.Build.0 = Release|Any CPU
	EndGlobalSection
	GlobalSection(SolutionProperties) = preSolution
		HideSolutionNode = FALSE
	EndGlobalSection
	GlobalSection(ExtensibilityGlobals) = postSolution
		SolutionGuid = {8B63A1D8-683B-4DEC-8B02-25A100F5AD01}
	EndGlobalSection
EndGlobal
